
Microsoft Visual Studio Solution File, Format Version 12.00
# Visual Studio Version 16
VisualStudioVersion = 16.0.29009.5
MinimumVisualStudioVersion = 10.0.40219.1
Project("{9A19103F-16F7-4668-BE54-9A1E7A4F7556}") = "Automaton.Logica", "Automaton.Logica\Automaton.Logica.csproj", "{F9BCA978-DEBF-4C54-8930-8FE5ABF6ED7F}"
EndProject
Project("{9A19103F-16F7-4668-BE54-9A1E7A4F7556}") = "Automaton.Logica.Tests", "Automaton.Logica.Tests\Automaton.Logica.Tests.csproj", "{D73C18E7-0B33-4921-AE7F-7A3E94D2FDE6}"
EndProject
Project("{9A19103F-16F7-4668-BE54-9A1E7A4F7556}") = "Automaton.Web", "Automaton.Web\Automaton.Web.csproj", "{554D58F3-BE51-4DA6-AF05-52C73D562DAE}"
EndProject
Project("{9A19103F-16F7-4668-BE54-9A1E7A4F7556}") = "Automaton.Compilador", "Automaton.Compilador\Automaton.Compilador.csproj", "{5E8D9AE9-92F4-409C-B7E1-A88A72A6C927}"
EndProject
Project("{9A19103F-16F7-4668-BE54-9A1E7A4F7556}") = "Automaton.Compilador.Tests", "Automaton.Compilador.Tests\Automaton.Compilador.Tests.csproj", "{8E325B02-024A-40B1-80B3-3C2766B9D0F5}"
EndProject
Project("{9A19103F-16F7-4668-BE54-9A1E7A4F7556}") = "Automaton.Contratos", "Automaton.Contratos\Automaton.Contratos.csproj", "{EBC8C57D-EA24-42FD-9D0B-4B619F4ED04F}"
EndProject
Project("{FAE04EC0-301F-11D3-BF4B-00C04F79EFBC}") = "Automaton.PruebaConsola", "Automaton.PruebaConsola\Automaton.PruebaConsola.csproj", "{CE50EE07-FADC-4F3E-B357-63864FB64370}"
EndProject
Project("{2150E333-8FDC-42A3-9474-1A3956D46DE8}") = "Tools", "Tools", "{9E149747-FDA8-4E3A-829B-A278CCDB995E}"
EndProject
Project("{9A19103F-16F7-4668-BE54-9A1E7A4F7556}") = "Tools.Documentador", "Tools.Documentador\Tools.Documentador.csproj", "{11F6876C-DB5E-40F1-AEEA-D866F5C334BB}"
EndProject
Project("{9A19103F-16F7-4668-BE54-9A1E7A4F7556}") = "Tools.Documentador.Tests", "Tools.Documentador.Tests\Tools.Documentador.Tests.csproj", "{C81BBF14-64F9-4D53-8955-F3ADCAA82E26}"
EndProject
Project("{2150E333-8FDC-42A3-9474-1A3956D46DE8}") = "Tests", "Tests", "{E8998B44-46FA-46AD-B36B-21BBB438AE9A}"
EndProject
Project("{9A19103F-16F7-4668-BE54-9A1E7A4F7556}") = "Automaton.Web.Tests", "Automaton.Web.Tests\Automaton.Web.Tests.csproj", "{EBE765DF-0545-4335-A7BD-3707A465CF3C}"
EndProject
Project("{9A19103F-16F7-4668-BE54-9A1E7A4F7556}") = "Automaton.Logica.Torneo", "Automaton.Logica.Torneo\Automaton.Logica.Torneo.csproj", "{9BA43E29-3EB7-4B4F-9C4B-E25F52BE8816}"
EndProject
Project("{9A19103F-16F7-4668-BE54-9A1E7A4F7556}") = "Automaton.Logica.Torneo.Tests", "Automaton.Logica.Torneo.Tests\Automaton.Logica.Torneo.Tests.csproj", "{9435408F-0FF9-47A1-913E-54A5D6272A90}"
EndProject
Project("{9A19103F-16F7-4668-BE54-9A1E7A4F7556}") = "Automaton.ProfileMapping", "Automaton.ProfileMapping\Automaton.ProfileMapping.csproj", "{DAF0F2E7-E2AA-49A4-9768-7D9A0F376776}"
EndProject
Project("{2150E333-8FDC-42A3-9474-1A3956D46DE8}") = "Diagram", "Diagram", "{6FD89EE9-6E72-4481-B4CA-83606922D891}"
EndProject
Project("{FAE04EC0-301F-11D3-BF4B-00C04F79EFBC}") = "Automaton.Diagrams", "Automaton.Diagrams\Automaton.Diagrams.csproj", "{87457734-C999-47CC-B096-D9CF63F8A0AD}"
EndProject
Project("{9A19103F-16F7-4668-BE54-9A1E7A4F7556}") = "Automaton.Workers", "Automaton.Workers\Automaton.Workers.csproj", "{040EB0B3-67D3-4335-B4C5-18F464142529}"
EndProject
Project("{2150E333-8FDC-42A3-9474-1A3956D46DE8}") = "Packages", "Packages", "{034D9B19-4480-4A6A-A632-4D5CF63EE373}"
EndProject
Global
	GlobalSection(SolutionConfigurationPlatforms) = preSolution
		Debug|Any CPU = Debug|Any CPU
		Release|Any CPU = Release|Any CPU
	EndGlobalSection
	GlobalSection(ProjectConfigurationPlatforms) = postSolution
		{F9BCA978-DEBF-4C54-8930-8FE5ABF6ED7F}.Debug|Any CPU.ActiveCfg = Debug|Any CPU
		{F9BCA978-DEBF-4C54-8930-8FE5ABF6ED7F}.Debug|Any CPU.Build.0 = Debug|Any CPU
		{F9BCA978-DEBF-4C54-8930-8FE5ABF6ED7F}.Release|Any CPU.ActiveCfg = Release|Any CPU
		{F9BCA978-DEBF-4C54-8930-8FE5ABF6ED7F}.Release|Any CPU.Build.0 = Release|Any CPU
		{D73C18E7-0B33-4921-AE7F-7A3E94D2FDE6}.Debug|Any CPU.ActiveCfg = Debug|Any CPU
		{D73C18E7-0B33-4921-AE7F-7A3E94D2FDE6}.Debug|Any CPU.Build.0 = Debug|Any CPU
		{D73C18E7-0B33-4921-AE7F-7A3E94D2FDE6}.Release|Any CPU.ActiveCfg = Release|Any CPU
		{D73C18E7-0B33-4921-AE7F-7A3E94D2FDE6}.Release|Any CPU.Build.0 = Release|Any CPU
		{554D58F3-BE51-4DA6-AF05-52C73D562DAE}.Debug|Any CPU.ActiveCfg = Debug|Any CPU
		{554D58F3-BE51-4DA6-AF05-52C73D562DAE}.Debug|Any CPU.Build.0 = Debug|Any CPU
		{554D58F3-BE51-4DA6-AF05-52C73D562DAE}.Release|Any CPU.ActiveCfg = Release|Any CPU
		{554D58F3-BE51-4DA6-AF05-52C73D562DAE}.Release|Any CPU.Build.0 = Release|Any CPU
		{5E8D9AE9-92F4-409C-B7E1-A88A72A6C927}.Debug|Any CPU.ActiveCfg = Debug|Any CPU
		{5E8D9AE9-92F4-409C-B7E1-A88A72A6C927}.Debug|Any CPU.Build.0 = Debug|Any CPU
		{5E8D9AE9-92F4-409C-B7E1-A88A72A6C927}.Release|Any CPU.ActiveCfg = Release|Any CPU
		{5E8D9AE9-92F4-409C-B7E1-A88A72A6C927}.Release|Any CPU.Build.0 = Release|Any CPU
		{8E325B02-024A-40B1-80B3-3C2766B9D0F5}.Debug|Any CPU.ActiveCfg = Debug|Any CPU
		{8E325B02-024A-40B1-80B3-3C2766B9D0F5}.Debug|Any CPU.Build.0 = Debug|Any CPU
		{8E325B02-024A-40B1-80B3-3C2766B9D0F5}.Release|Any CPU.ActiveCfg = Release|Any CPU
		{8E325B02-024A-40B1-80B3-3C2766B9D0F5}.Release|Any CPU.Build.0 = Release|Any CPU
		{EBC8C57D-EA24-42FD-9D0B-4B619F4ED04F}.Debug|Any CPU.ActiveCfg = Debug|Any CPU
		{EBC8C57D-EA24-42FD-9D0B-4B619F4ED04F}.Debug|Any CPU.Build.0 = Debug|Any CPU
		{EBC8C57D-EA24-42FD-9D0B-4B619F4ED04F}.Release|Any CPU.ActiveCfg = Release|Any CPU
		{EBC8C57D-EA24-42FD-9D0B-4B619F4ED04F}.Release|Any CPU.Build.0 = Release|Any CPU
		{CE50EE07-FADC-4F3E-B357-63864FB64370}.Debug|Any CPU.ActiveCfg = Debug|Any CPU
		{CE50EE07-FADC-4F3E-B357-63864FB64370}.Debug|Any CPU.Build.0 = Debug|Any CPU
		{CE50EE07-FADC-4F3E-B357-63864FB64370}.Release|Any CPU.ActiveCfg = Release|Any CPU
		{CE50EE07-FADC-4F3E-B357-63864FB64370}.Release|Any CPU.Build.0 = Release|Any CPU
		{11F6876C-DB5E-40F1-AEEA-D866F5C334BB}.Debug|Any CPU.ActiveCfg = Debug|Any CPU
		{11F6876C-DB5E-40F1-AEEA-D866F5C334BB}.Debug|Any CPU.Build.0 = Debug|Any CPU
		{11F6876C-DB5E-40F1-AEEA-D866F5C334BB}.Release|Any CPU.ActiveCfg = Release|Any CPU
		{11F6876C-DB5E-40F1-AEEA-D866F5C334BB}.Release|Any CPU.Build.0 = Release|Any CPU
		{C81BBF14-64F9-4D53-8955-F3ADCAA82E26}.Debug|Any CPU.ActiveCfg = Debug|Any CPU
		{C81BBF14-64F9-4D53-8955-F3ADCAA82E26}.Debug|Any CPU.Build.0 = Debug|Any CPU
		{C81BBF14-64F9-4D53-8955-F3ADCAA82E26}.Release|Any CPU.ActiveCfg = Release|Any CPU
		{C81BBF14-64F9-4D53-8955-F3ADCAA82E26}.Release|Any CPU.Build.0 = Release|Any CPU
		{EBE765DF-0545-4335-A7BD-3707A465CF3C}.Debug|Any CPU.ActiveCfg = Debug|Any CPU
		{EBE765DF-0545-4335-A7BD-3707A465CF3C}.Debug|Any CPU.Build.0 = Debug|Any CPU
		{EBE765DF-0545-4335-A7BD-3707A465CF3C}.Release|Any CPU.ActiveCfg = Release|Any CPU
		{EBE765DF-0545-4335-A7BD-3707A465CF3C}.Release|Any CPU.Build.0 = Release|Any CPU
		{9BA43E29-3EB7-4B4F-9C4B-E25F52BE8816}.Debug|Any CPU.ActiveCfg = Debug|Any CPU
		{9BA43E29-3EB7-4B4F-9C4B-E25F52BE8816}.Debug|Any CPU.Build.0 = Debug|Any CPU
		{9BA43E29-3EB7-4B4F-9C4B-E25F52BE8816}.Release|Any CPU.ActiveCfg = Release|Any CPU
		{9BA43E29-3EB7-4B4F-9C4B-E25F52BE8816}.Release|Any CPU.Build.0 = Release|Any CPU
		{9435408F-0FF9-47A1-913E-54A5D6272A90}.Debug|Any CPU.ActiveCfg = Debug|Any CPU
		{9435408F-0FF9-47A1-913E-54A5D6272A90}.Debug|Any CPU.Build.0 = Debug|Any CPU
		{9435408F-0FF9-47A1-913E-54A5D6272A90}.Release|Any CPU.ActiveCfg = Release|Any CPU
		{9435408F-0FF9-47A1-913E-54A5D6272A90}.Release|Any CPU.Build.0 = Release|Any CPU
		{DAF0F2E7-E2AA-49A4-9768-7D9A0F376776}.Debug|Any CPU.ActiveCfg = Debug|Any CPU
		{DAF0F2E7-E2AA-49A4-9768-7D9A0F376776}.Debug|Any CPU.Build.0 = Debug|Any CPU
		{DAF0F2E7-E2AA-49A4-9768-7D9A0F376776}.Release|Any CPU.ActiveCfg = Release|Any CPU
		{DAF0F2E7-E2AA-49A4-9768-7D9A0F376776}.Release|Any CPU.Build.0 = Release|Any CPU
		{87457734-C999-47CC-B096-D9CF63F8A0AD}.Debug|Any CPU.ActiveCfg = Debug|Any CPU
		{87457734-C999-47CC-B096-D9CF63F8A0AD}.Debug|Any CPU.Build.0 = Debug|Any CPU
		{87457734-C999-47CC-B096-D9CF63F8A0AD}.Release|Any CPU.ActiveCfg = Release|Any CPU
		{87457734-C999-47CC-B096-D9CF63F8A0AD}.Release|Any CPU.Build.0 = Release|Any CPU
		{040EB0B3-67D3-4335-B4C5-18F464142529}.Debug|Any CPU.ActiveCfg = Debug|Any CPU
		{040EB0B3-67D3-4335-B4C5-18F464142529}.Debug|Any CPU.Build.0 = Debug|Any CPU
		{040EB0B3-67D3-4335-B4C5-18F464142529}.Release|Any CPU.ActiveCfg = Release|Any CPU
		{040EB0B3-67D3-4335-B4C5-18F464142529}.Release|Any CPU.Build.0 = Release|Any CPU
	EndGlobalSection
	GlobalSection(SolutionProperties) = preSolution
		HideSolutionNode = FALSE
	EndGlobalSection
	GlobalSection(NestedProjects) = preSolution
		{D73C18E7-0B33-4921-AE7F-7A3E94D2FDE6} = {E8998B44-46FA-46AD-B36B-21BBB438AE9A}
		{11F6876C-DB5E-40F1-AEEA-D866F5C334BB} = {9E149747-FDA8-4E3A-829B-A278CCDB995E}
		{C81BBF14-64F9-4D53-8955-F3ADCAA82E26} = {9E149747-FDA8-4E3A-829B-A278CCDB995E}
		{EBE765DF-0545-4335-A7BD-3707A465CF3C} = {E8998B44-46FA-46AD-B36B-21BBB438AE9A}
		{9435408F-0FF9-47A1-913E-54A5D6272A90} = {E8998B44-46FA-46AD-B36B-21BBB438AE9A}
		{87457734-C999-47CC-B096-D9CF63F8A0AD} = {6FD89EE9-6E72-4481-B4CA-83606922D891}
	EndGlobalSection
	GlobalSection(ExtensibilityGlobals) = postSolution
		SolutionGuid = {B61A17E3-CC98-42F4-8C98-BA1BAA0158D8}
	EndGlobalSection
EndGlobal
